<?xml version="1.0" encoding="utf-8"?>
<Project ToolsVersion="4.0" xmlns="http://schemas.microsoft.com/developer/msbuild/2003">
  <ItemGroup>
    <Filter Include="Source Files">
      <UniqueIdentifier>{4FC737F1-C7A5-4376-A066-2A32D752A2FF}</UniqueIdentifier>
      <Extensions>cpp;c;cc;cxx;def;odl;idl;hpj;bat;asm;asmx</Extensions>
    </Filter>
    <Filter Include="Header Files">
      <UniqueIdentifier>{93995380-89BD-4b04-88EB-625FBE52EBFB}</UniqueIdentifier>
      <Extensions>h;hpp;hxx;hm;inl;inc;xsd</Extensions>
    </Filter>
    <Filter Include="Resource Files">
      <UniqueIdentifier>{67DA6AB6-F800-4c08-8B7A-83BB121AAD01}</UniqueIdentifier>
      <Extensions>rc;ico;cur;bmp;dlg;rc2;rct;bin;rgs;gif;jpg;jpeg;jpe;resx;tiff;tif;png;wav;mfcribbon-ms</Extensions>
    </Filter>
    <Filter Include="EasyLogLib">
      <UniqueIdentifier>{6c8137ba-52cb-4b5b-a0c5-9d7b8f83b0a1}</UniqueIdentifier>
    </Filter>
    <Filter Include="EasySerialize">
      <UniqueIdentifier>{23cbf163-ddc8-40f6-a0e5-83da69d5932d}</UniqueIdentifier>
    </Filter>
  </ItemGroup>
  <ItemGroup>
    <ClInclude Include="EasyLog.h">
      <Filter>EasyLogLib</Filter>
    </ClInclude>
    <ClInclude Include="Log.h">
      <Filter>EasyLogLib</Filter>
    </ClInclude>
    <ClInclude Include="EasySerialize.h">
      <Filter>Header Files</Filter>
    </ClInclude>
  </ItemGroup>
  <ItemGroup>
    <ClCompile Include="EasyLog.cpp">
      <Filter>EasyLogLib</Filter>
    </ClCompile>
    <ClCompile Include="Log.cpp">
      <Filter>EasyLogLib</Filter>
    </ClCompile>
  </ItemGroup>
</Project>